PODS:
  - AFNetworking (2.5.4):
    - AFNetworking/NSURLConnection (= 2.5.4)
    - AFNetworking/NSURLSession (= 2.5.4)
    - AFNetworking/Reachability (= 2.5.4)
    - AFNetworking/Security (= 2.5.4)
    - AFNetworking/Serialization (= 2.5.4)
    - AFNetworking/UIKit (= 2.5.4)
  - AFNetworking/NSURLConnection (2.5.4):
    - AFNetworking/Reachability
    - AFNetworking/Security
    - AFNetworking/Serialization
  - AFNetworking/NSURLSession (2.5.4):
    - AFNetworking/Reachability
    - AFNetworking/Security
    - AFNetworking/Serialization
  - AFNetworking/Reachability (2.5.4)
  - AFNetworking/Security (2.5.4)
  - AFNetworking/Serialization (2.5.4)
  - AFNetworking/UIKit (2.5.4):
    - AFNetworking/NSURLConnection
    - AFNetworking/NSURLSession
  - AXRatingView (1.0.3)
  - CTCheckbox (0.0.4)
  - DACircularProgress (2.3.1)
  - FXBlurView (1.6.4)
  - HexColors (2.2.1)
  - JMImageCache (0.4.0)
  - JSONModel (1.1.0)
  - JVFloatLabeledTextField (1.1.0)
  - KIImagePager (2.1.0)
  - Masonry (0.6.2)
  - MBProgressHUD (0.9.1)
  - MJRefresh (2.0.4)
  - pop (1.0.7)
  - RegExCategories (1.0)
  - RMUniversalAlert (0.7):
    - RMUniversalAlert/Core (= 0.7)
  - RMUniversalAlert/Core (0.7):
    - UIActionSheet+Blocks (>= 0.9)
    - UIAlertController+Blocks (>= 0.9)
    - UIAlertView+Blocks (>= 0.9)
  - SDWebImage (3.7.3):
    - SDWebImage/Core (= 3.7.3)
  - SDWebImage/Core (3.7.3)
  - TSMessages (0.9.12):
    - HexColors (~> 2.2.0)
  - UIActionSheet+Blocks (0.9)
  - UIAlertController+Blocks (0.9)
  - UIAlertView+Blocks (0.9)
  - UICKeyChainStore (2.0.6)
  - UITableView+FDTemplateLayoutCell (1.3)
  - XLForm (3.0.0)
  - XLPagerTabStrip (1.0.0)

DEPENDENCIES:
  - AFNetworking (~> 2.0)
  - AXRatingView (from `https://github.com/xmartlabs/AXRatingView.git`)
  - CTCheckbox
  - DACircularProgress
  - FXBlurView
  - JMImageCache
  - JSONModel
  - JVFloatLabeledTextField
  - KIImagePager
  - Masonry
  - MBProgressHUD (~> 0.9.1)
  - MJRefresh
  - pop
  - RegExCategories (~> 1.0)
  - RMUniversalAlert
  - SDWebImage
  - TSMessages
  - UICKeyChainStore
  - UITableView+FDTemplateLayoutCell
  - XLForm (~> 3.0.0)
  - XLPagerTabStrip (~> 1.0.0)

EXTERNAL SOURCES:
  AXRatingView:
    :git: https://github.com/xmartlabs/AXRatingView.git

CHECKOUT OPTIONS:
  AXRatingView:
    :commit: 3b80946adda6bb37d73ec712be3b9a6f78fc6d00
    :git: https://github.com/xmartlabs/AXRatingView.git

SPEC CHECKSUMS:
  AFNetworking: 05edc0ac4c4c8cf57bcf4b84be5b0744b6d8e71e
  AXRatingView: ccaadc1bbda99a4b7e1d556059482d2b933a9f4e
  CTCheckbox: 51ca73c98cddb96a665e20660e3f2b7a741645bd
  DACircularProgress: 4dd437c0fc3da5161cb289e07ac449493d41db71
  FXBlurView: db786c2561cb49a09ae98407f52460096ab8a44f
  HexColors: abfd172e329dab59888614ccba6f216cec59289d
  JMImageCache: fac25eb168a25b29ac130fee6a6b17ea463c1d86
  JSONModel: ec77e9865236a7a09d9cf7668df6b4b328d9ec1d
  JVFloatLabeledTextField: ea4a3d8387ddd43724c472bb2b8ab39b79af05d4
  KIImagePager: aea488f00879fda4a4b81e2b83187da070907c85
  Masonry: 362e8a1cc0beada4a4c4832d5e863da2a51533be
  MBProgressHUD: c47f2c166c126cf2ce36498d80f33e754d4e93ad
  MJRefresh: ea153717001d3c02444bd22b75c111d2937d2104
  pop: 628ffc631644601567ee8bfaaaea493ebd7d0923
  RegExCategories: e68befacacd5bda853c88f70ec745cb2d0cfb89c
  RMUniversalAlert: bce2ca406c24065b76665725c83e48006e8f65f8
  SDWebImage: 1d2b1a1efda1ade1b00b6f8498865f8ddedc8a84
  TSMessages: c8cc7b80f2a833af533872cd02010cac061532cc
  UIActionSheet+Blocks: e180b7dad0a721ab7f212ac9742af799008bb358
  UIAlertController+Blocks: b48c673ff60726da468b32ab21bbc7683512d45b
  UIAlertView+Blocks: a46c99c5144f6c5dbc7d62fd2a0678daceec89a3
  UICKeyChainStore: c5719c814e8bd69e74e4a0fc09daf8f4d6257a59
  UITableView+FDTemplateLayoutCell: d5be6056b5060313f5955a2590ecd33142ad713d
  XLForm: 10fc7eb9e2d5df21a515fa3a794f4e26319abd0e
  XLPagerTabStrip: 1614c2a5a078e0ef378a825e84534d56066bea88

COCOAPODS: 0.36.0
