// !$*UTF8*$!
{
	archiveVersion = 1;
	classes = {
	};
	objectVersion = 46;
	objects = {

/* Begin PBXBuildFile section */
		072DCC3B1B43A1CE0091CBDE /* main.m in Sources */ = {isa = PBXBuildFile; fileRef = 072DCC3A1B43A1CE0091CBDE /* main.m */; };
		072DCC3E1B43A1CE0091CBDE /* AppDelegate.m in Sources */ = {isa = PBXBuildFile; fileRef = 072DCC3D1B43A1CE0091CBDE /* AppDelegate.m */; };
		072DCC411B43A1CE0091CBDE /* FirstViewController.m in Sources */ = {isa = PBXBuildFile; fileRef = 072DCC401B43A1CE0091CBDE /* FirstViewController.m */; };
		072DCC441B43A1CE0091CBDE /* SecondViewController.m in Sources */ = {isa = PBXBuildFile; fileRef = 072DCC431B43A1CE0091CBDE /* SecondViewController.m */; };
		072DCC491B43A1CE0091CBDE /* Images.xcassets in Resources */ = {isa = PBXBuildFile; fileRef = 072DCC481B43A1CE0091CBDE /* Images.xcassets */; };
		072DCC4C1B43A1CE0091CBDE /* LaunchScreen.xib in Resources */ = {isa = PBXBuildFile; fileRef = 072DCC4A1B43A1CE0091CBDE /* LaunchScreen.xib */; };
		072DCC581B43A1CE0091CBDE /* meiLiTianShiTests.m in Sources */ = {isa = PBXBuildFile; fileRef = 072DCC571B43A1CE0091CBDE /* meiLiTianShiTests.m */; };
		072F30AE1B46427B001A14E6 /* FirstVC.m in Sources */ = {isa = PBXBuildFile; fileRef = 072F30AC1B46427B001A14E6 /* FirstVC.m */; };
		072F30AF1B46427B001A14E6 /* FirstVC.xib in Resources */ = {isa = PBXBuildFile; fileRef = 072F30AD1B46427B001A14E6 /* FirstVC.xib */; };
		072F30B31B468536001A14E6 /* TopicListVC.m in Sources */ = {isa = PBXBuildFile; fileRef = 072F30B11B468536001A14E6 /* TopicListVC.m */; };
		072F30B41B468536001A14E6 /* TopicListVC.xib in Resources */ = {isa = PBXBuildFile; fileRef = 072F30B21B468536001A14E6 /* TopicListVC.xib */; };
		072F30B81B4A702E001A14E6 /* TopicListCell.m in Sources */ = {isa = PBXBuildFile; fileRef = 072F30B61B4A702E001A14E6 /* TopicListCell.m */; };
		072F30B91B4A702E001A14E6 /* TopicListCell.xib in Resources */ = {isa = PBXBuildFile; fileRef = 072F30B71B4A702E001A14E6 /* TopicListCell.xib */; };
		074607871B4BB5540035E08D /* MyIndexVC.m in Sources */ = {isa = PBXBuildFile; fileRef = 074607851B4BB5540035E08D /* MyIndexVC.m */; };
		074607881B4BB5540035E08D /* MyIndexVC.xib in Resources */ = {isa = PBXBuildFile; fileRef = 074607861B4BB5540035E08D /* MyIndexVC.xib */; };
		0746078C1B4BBAF40035E08D /* MyDiaryBookListTVC.m in Sources */ = {isa = PBXBuildFile; fileRef = 0746078A1B4BBAF40035E08D /* MyDiaryBookListTVC.m */; };
		0746078D1B4BBAF40035E08D /* MyDiaryBookListTVC.xib in Resources */ = {isa = PBXBuildFile; fileRef = 0746078B1B4BBAF40035E08D /* MyDiaryBookListTVC.xib */; };
		076767A81B4E601500F73D00 /* ProjectSelectVC.m in Sources */ = {isa = PBXBuildFile; fileRef = 076767A61B4E601500F73D00 /* ProjectSelectVC.m */; };
		076767A91B4E601500F73D00 /* ProjectSelectVC.xib in Resources */ = {isa = PBXBuildFile; fileRef = 076767A71B4E601500F73D00 /* ProjectSelectVC.xib */; };
		077C67351B52C6BB00619740 /* ImageRowCell.m in Sources */ = {isa = PBXBuildFile; fileRef = 077C67341B52C6BB00619740 /* ImageRowCell.m */; };
		077C67371B536B6E00619740 /* AssetsLibrary.framework in Frameworks */ = {isa = PBXBuildFile; fileRef = 077C67361B536B6E00619740 /* AssetsLibrary.framework */; };
		07C91D311B54AAA50069470E /* DoctorSelectVC.m in Sources */ = {isa = PBXBuildFile; fileRef = 07C91D2F1B54AAA50069470E /* DoctorSelectVC.m */; };
		07C91D321B54AAA50069470E /* DoctorSelectVC.xib in Resources */ = {isa = PBXBuildFile; fileRef = 07C91D301B54AAA50069470E /* DoctorSelectVC.xib */; };
		07C91D361B5612770069470E /* DiaryDetailWVC.m in Sources */ = {isa = PBXBuildFile; fileRef = 07C91D341B5612770069470E /* DiaryDetailWVC.m */; };
		07C91D371B5612770069470E /* DiaryDetailWVC.xib in Resources */ = {isa = PBXBuildFile; fileRef = 07C91D351B5612770069470E /* DiaryDetailWVC.xib */; };
		07C91D481B56497C0069470E /* DiaryDetailVC.m in Sources */ = {isa = PBXBuildFile; fileRef = 07C91D461B56497C0069470E /* DiaryDetailVC.m */; };
		07CFFDD71B53AC6400B2560E /* HospitalSelectVC.m in Sources */ = {isa = PBXBuildFile; fileRef = 07CFFDD51B53AC6400B2560E /* HospitalSelectVC.m */; };
		07CFFDD81B53AC6400B2560E /* HospitalSelectVC.xib in Resources */ = {isa = PBXBuildFile; fileRef = 07CFFDD61B53AC6400B2560E /* HospitalSelectVC.xib */; };
		07FB9C361B4E145B000CCC45 /* CreateDiaryBookFVC.m in Sources */ = {isa = PBXBuildFile; fileRef = 07FB9C341B4E145B000CCC45 /* CreateDiaryBookFVC.m */; };
		07FB9C371B4E145B000CCC45 /* CreateDiaryBookFVC.xib in Resources */ = {isa = PBXBuildFile; fileRef = 07FB9C351B4E145B000CCC45 /* CreateDiaryBookFVC.xib */; };
		07FB9C3B1B4E1471000CCC45 /* CreateDiaryFVC.m in Sources */ = {isa = PBXBuildFile; fileRef = 07FB9C391B4E1471000CCC45 /* CreateDiaryFVC.m */; };
		07FB9C3C1B4E1471000CCC45 /* CreateDiaryFVC.xib in Resources */ = {isa = PBXBuildFile; fileRef = 07FB9C3A1B4E1471000CCC45 /* CreateDiaryFVC.xib */; };
		07FB9C401B4E1486000CCC45 /* CreateTopicFVC.m in Sources */ = {isa = PBXBuildFile; fileRef = 07FB9C3E1B4E1486000CCC45 /* CreateTopicFVC.m */; };
		07FB9C411B4E1486000CCC45 /* CreateTopicFVC.xib in Resources */ = {isa = PBXBuildFile; fileRef = 07FB9C3F1B4E1486000CCC45 /* CreateTopicFVC.xib */; };
		3CDC502645DD3E76B08331AD /* UIView+SLKAdditions.m in Sources */ = {isa = PBXBuildFile; fileRef = 3CDC5D3B8732CB0F18558B30 /* UIView+SLKAdditions.m */; };
		3CDC503458B508F3F1A206A6 /* SLKTextView.m in Sources */ = {isa = PBXBuildFile; fileRef = 3CDC545CA79CC064904E5255 /* SLKTextView.m */; };
		3CDC50AA8E495BE766AB5C4A /* CategoriesArrayWrap.m in Sources */ = {isa = PBXBuildFile; fileRef = 3CDC5E81B2F919AB62446254 /* CategoriesArrayWrap.m */; };
		3CDC510F9DCC5DA5D9919E72 /* DiaryBookModel.m in Sources */ = {isa = PBXBuildFile; fileRef = 3CDC5E6C125DA34A5D64B6EC /* DiaryBookModel.m */; };
		3CDC51E018A987664AEA4AAC /* ELCAsset.m in Sources */ = {isa = PBXBuildFile; fileRef = 3CDC5AF995573CBE78549469 /* ELCAsset.m */; };
		3CDC5244C6BB89534D89AB15 /* DiaryModel.m in Sources */ = {isa = PBXBuildFile; fileRef = 3CDC5EFBECB8D6CF38033D6F /* DiaryModel.m */; };
		3CDC52AB252856C7EBF31FAF /* HospitalModel.m in Sources */ = {isa = PBXBuildFile; fileRef = 3CDC59AFC59FCBBC3CCCDD58 /* HospitalModel.m */; };
		3CDC52E17519FE6B507BE8AA /* Overlay.png in Resources */ = {isa = PBXBuildFile; fileRef = 3CDC5CBA3D38057AB8CCB7F0 /* Overlay.png */; };
		3CDC52E26D2ADD492E3AFDBE /* UIResponder+SLKAdditions.m in Sources */ = {isa = PBXBuildFile; fileRef = 3CDC5DD1ABCAE261D249F615 /* UIResponder+SLKAdditions.m */; };
		3CDC533D2D65BCF84FA750E4 /* Overlay@2x.png in Resources */ = {isa = PBXBuildFile; fileRef = 3CDC5E8F9D0269EEB4D0330A /* Overlay@2x.png */; };
		3CDC5351736E0AC8D62F5833 /* MLRequestManager.m in Sources */ = {isa = PBXBuildFile; fileRef = 3CDC56E914AEA220E50BFBB5 /* MLRequestManager.m */; };
		3CDC5359F757287D7F6B3AD7 /* ELCAlbumPickerController.m in Sources */ = {isa = PBXBuildFile; fileRef = 3CDC532E99B81B539DBA7594 /* ELCAlbumPickerController.m */; };
		3CDC53CED6F3C6CD978266D4 /* AFTableViewCell.m in Sources */ = {isa = PBXBuildFile; fileRef = 3CDC559B1F0683E9CBEF96DB /* AFTableViewCell.m */; };
		3CDC53EED13C3D9EF6B72632 /* DoctorModel.m in Sources */ = {isa = PBXBuildFile; fileRef = 3CDC5073432FD1F9A136B5D4 /* DoctorModel.m */; };
		3CDC548F92694470DE7BCA4E /* ELCAssetTablePicker.m in Sources */ = {isa = PBXBuildFile; fileRef = 3CDC58F73478E5A0F4CC44B5 /* ELCAssetTablePicker.m */; };
		3CDC550AC3EDFFBAAE594AAB /* ELCAlbumPickerController.xib in Resources */ = {isa = PBXBuildFile; fileRef = 3CDC59DB976691D65C5ECDCD /* ELCAlbumPickerController.xib */; };
		3CDC558A3B3E8E5207B2DE6C /* MLRandom.m in Sources */ = {isa = PBXBuildFile; fileRef = 3CDC582A761F21A9AC5CC46F /* MLRandom.m */; };
		3CDC571B97992D204B2458B5 /* XLFormRatingCell.m in Sources */ = {isa = PBXBuildFile; fileRef = 3CDC539503866142E846D7C9 /* XLFormRatingCell.m */; };
		3CDC5799765EDBCD29A94788 /* SLKTextInputbar.m in Sources */ = {isa = PBXBuildFile; fileRef = 3CDC51A1E4A6F0BC7A689D2F /* SLKTextInputbar.m */; };
		3CDC58648BFC255C4F9030EF /* ELCOverlayImageView.m in Sources */ = {isa = PBXBuildFile; fileRef = 3CDC56D987933650A3C8A60E /* ELCOverlayImageView.m */; };
		3CDC58803D0EDE529AC327E4 /* TopicModel.m in Sources */ = {isa = PBXBuildFile; fileRef = 3CDC50439D6B18F000354CD6 /* TopicModel.m */; };
		3CDC58E9285E5C2D758383D1 /* ELCAssetTablePicker.xib in Resources */ = {isa = PBXBuildFile; fileRef = 3CDC597B403772AC21D8C2C6 /* ELCAssetTablePicker.xib */; };
		3CDC5905A16A26BD5353DFD3 /* ELCAssetCell.m in Sources */ = {isa = PBXBuildFile; fileRef = 3CDC5F8533E195A6E27B562E /* ELCAssetCell.m */; };
		3CDC5913A3F7535FD2DF3E91 /* NSArray+toJsonString.m in Sources */ = {isa = PBXBuildFile; fileRef = 3CDC5DA88C2F5E35B83E906E /* NSArray+toJsonString.m */; };
		3CDC5A1DBE7BDF9E283E9716 /* ELCImagePickerController.m in Sources */ = {isa = PBXBuildFile; fileRef = 3CDC57A570C885CFE5707107 /* ELCImagePickerController.m */; };
		3CDC5A5432E4AA34229EA7BB /* blue@2x.png in Resources */ = {isa = PBXBuildFile; fileRef = 3CDC5B63426FE4A04BE7F99C /* blue@2x.png */; };
		3CDC5A5CDDAF822A3EBC83F6 /* black@2x.png in Resources */ = {isa = PBXBuildFile; fileRef = 3CDC53A8C62F9A7808DAC7B2 /* black@2x.png */; };
		3CDC5A7CAC520E8C0CF19641 /* XLFormRatingCell.xib in Resources */ = {isa = PBXBuildFile; fileRef = 3CDC5D544238B38E305442DD /* XLFormRatingCell.xib */; };
		3CDC5B1F9934E1D796FC253E /* ELCAssetPicker.xib in Resources */ = {isa = PBXBuildFile; fileRef = 3CDC5116948248EA8B39AFCF /* ELCAssetPicker.xib */; };
		3CDC5B3E7652B2E644165ABD /* ELCConsole.m in Sources */ = {isa = PBXBuildFile; fileRef = 3CDC5C92C7FFBCA9C773725A /* ELCConsole.m */; };
		3CDC5BA55D30C7A9D6399196 /* MLSession.m in Sources */ = {isa = PBXBuildFile; fileRef = 3CDC592229E51A7D98EA62D8 /* MLSession.m */; };
		3CDC5BE729287BA50D2C1AD7 /* selectPhoto@2x.png in Resources */ = {isa = PBXBuildFile; fileRef = 3CDC592FA18BCE8F22C16D3D /* selectPhoto@2x.png */; };
		3CDC5CB35C89A248328BF64C /* MLJsonModel.m in Sources */ = {isa = PBXBuildFile; fileRef = 3CDC5FFDC7CE5565D2D71E0C /* MLJsonModel.m */; };
		3CDC5D0D05F887E2FB7B1398 /* PageIndicator.m in Sources */ = {isa = PBXBuildFile; fileRef = 3CDC5D50CEAF04400D2A6CDF /* PageIndicator.m */; };
		3CDC5D6E3479C55CDFB955D0 /* SLKTextViewController.m in Sources */ = {isa = PBXBuildFile; fileRef = 3CDC5218D7E23FB9BB172D9C /* SLKTextViewController.m */; };
		3CDC5DBAAD9EF21AC5234AE7 /* RespondModel.m in Sources */ = {isa = PBXBuildFile; fileRef = 3CDC5EDE45048E6EBD0D401C /* RespondModel.m */; };
		3CDC5DCBE4B73F95085734C1 /* 搜索@2x.png in Resources */ = {isa = PBXBuildFile; fileRef = 3CDC5B23C177FE8EFE2343E6 /* 搜索@2x.png */; };
		3CDC5DD9E3216F755CE44989 /* SLKTypingIndicatorView.m in Sources */ = {isa = PBXBuildFile; fileRef = 3CDC5DBDEFAA0714824AF0B9 /* SLKTypingIndicatorView.m */; };
		3CDC5DE51352BF9C4B81C12C /* XLRatingView.m in Sources */ = {isa = PBXBuildFile; fileRef = 3CDC5F7AE5260A30F5A88CE3 /* XLRatingView.m */; };
		3CDC5DFB489609637AE3625F /* SLKTextView+SLKAdditions.m in Sources */ = {isa = PBXBuildFile; fileRef = 3CDC5EE28E8625F6FAC9F486 /* SLKTextView+SLKAdditions.m */; };
		3CDC5E81EA016B78E6623E89 /* SLKInputAccessoryView.m in Sources */ = {isa = PBXBuildFile; fileRef = 3CDC5B6939D8B4428F5ABA13 /* SLKInputAccessoryView.m */; };
		3CDC5EEFE2EFD58CD35EC6B9 /* CategoryModel.m in Sources */ = {isa = PBXBuildFile; fileRef = 3CDC597108C0E2C1526D42BA /* CategoryModel.m */; };
		3CDC5F96E8A8CA83AAAAFA96 /* UIScrollView+SLKAdditions.m in Sources */ = {isa = PBXBuildFile; fileRef = 3CDC5B17BB76E6736829D551 /* UIScrollView+SLKAdditions.m */; };
		3CDC5FD01D56F1C1EAEDE681 /* UploadTokenModel.m in Sources */ = {isa = PBXBuildFile; fileRef = 3CDC5A13DF6D9E0204EF8D36 /* UploadTokenModel.m */; };
		707B061389615A8BCE04BC32 /* libPods-meiLiTianShi.a in Frameworks */ = {isa = PBXBuildFile; fileRef = 681628C019081CA3341F7F68 /* libPods-meiLiTianShi.a */; };
/* End PBXBuildFile section */

/* Begin PBXContainerItemProxy section */
		072DCC521B43A1CE0091CBDE /* PBXContainerItemProxy */ = {
			isa = PBXContainerItemProxy;
			containerPortal = 072DCC2D1B43A1CE0091CBDE /* Project object */;
			proxyType = 1;
			remoteGlobalIDString = 072DCC341B43A1CE0091CBDE;
			remoteInfo = meiLiTianShi;
		};
/* End PBXContainerItemProxy section */

/* Begin PBXFileReference section */
		04824D0C260B948B14E70861 /* Pods-meiLiTianShi.debug.xcconfig */ = {isa = PBXFileReference; includeInIndex = 1; lastKnownFileType = text.xcconfig; name = "Pods-meiLiTianShi.debug.xcconfig"; path = "Pods/Target Support Files/Pods-meiLiTianShi/Pods-meiLiTianShi.debug.xcconfig"; sourceTree = "<group>"; };
		072DCC351B43A1CE0091CBDE /* meiLiTianShi.app */ = {isa = PBXFileReference; explicitFileType = wrapper.application; includeInIndex = 0; path = meiLiTianShi.app; sourceTree = BUILT_PRODUCTS_DIR; };
		072DCC391B43A1CE0091CBDE /* Info.plist */ = {isa = PBXFileReference; lastKnownFileType = text.plist.xml; path = Info.plist; sourceTree = "<group>"; };
		072DCC3A1B43A1CE0091CBDE /* main.m */ = {isa = PBXFileReference; lastKnownFileType = sourcecode.c.objc; path = main.m; sourceTree = "<group>"; };
		072DCC3C1B43A1CE0091CBDE /* AppDelegate.h */ = {isa = PBXFileReference; lastKnownFileType = sourcecode.c.h; path = AppDelegate.h; sourceTree = "<group>"; };
		072DCC3D1B43A1CE0091CBDE /* AppDelegate.m */ = {isa = PBXFileReference; lastKnownFileType = sourcecode.c.objc; path = AppDelegate.m; sourceTree = "<group>"; };
		072DCC3F1B43A1CE0091CBDE /* FirstViewController.h */ = {isa = PBXFileReference; lastKnownFileType = sourcecode.c.h; path = FirstViewController.h; sourceTree = "<group>"; };
		072DCC401B43A1CE0091CBDE /* FirstViewController.m */ = {isa = PBXFileReference; lastKnownFileType = sourcecode.c.objc; path = FirstViewController.m; sourceTree = "<group>"; };
		072DCC421B43A1CE0091CBDE /* SecondViewController.h */ = {isa = PBXFileReference; lastKnownFileType = sourcecode.c.h; path = SecondViewController.h; sourceTree = "<group>"; };
		072DCC431B43A1CE0091CBDE /* SecondViewController.m */ = {isa = PBXFileReference; lastKnownFileType = sourcecode.c.objc; path = SecondViewController.m; sourceTree = "<group>"; };
		072DCC481B43A1CE0091CBDE /* Images.xcassets */ = {isa = PBXFileReference; lastKnownFileType = folder.assetcatalog; path = Images.xcassets; sourceTree = "<group>"; };
		072DCC4B1B43A1CE0091CBDE /* Base */ = {isa = PBXFileReference; lastKnownFileType = file.xib; name = Base; path = Base.lproj/LaunchScreen.xib; sourceTree = "<group>"; };
		072DCC511B43A1CE0091CBDE /* meiLiTianShiTests.xctest */ = {isa = PBXFileReference; explicitFileType = wrapper.cfbundle; includeInIndex = 0; path = meiLiTianShiTests.xctest; sourceTree = BUILT_PRODUCTS_DIR; };
		072DCC561B43A1CE0091CBDE /* Info.plist */ = {isa = PBXFileReference; lastKnownFileType = text.plist.xml; path = Info.plist; sourceTree = "<group>"; };
		072DCC571B43A1CE0091CBDE /* meiLiTianShiTests.m */ = {isa = PBXFileReference; lastKnownFileType = sourcecode.c.objc; path = meiLiTianShiTests.m; sourceTree = "<group>"; };
		072F30AB1B46427B001A14E6 /* FirstVC.h */ = {isa = PBXFileReference; fileEncoding = 4; lastKnownFileType = sourcecode.c.h; path = FirstVC.h; sourceTree = "<group>"; };
		072F30AC1B46427B001A14E6 /* FirstVC.m */ = {isa = PBXFileReference; fileEncoding = 4; lastKnownFileType = sourcecode.c.objc; path = FirstVC.m; sourceTree = "<group>"; };
		072F30AD1B46427B001A14E6 /* FirstVC.xib */ = {isa = PBXFileReference; fileEncoding = 4; lastKnownFileType = file.xib; path = FirstVC.xib; sourceTree = "<group>"; };
		072F30B01B468536001A14E6 /* TopicListVC.h */ = {isa = PBXFileReference; fileEncoding = 4; lastKnownFileType = sourcecode.c.h; path = TopicListVC.h; sourceTree = "<group>"; };
		072F30B11B468536001A14E6 /* TopicListVC.m */ = {isa = PBXFileReference; fileEncoding = 4; lastKnownFileType = sourcecode.c.objc; path = TopicListVC.m; sourceTree = "<group>"; };
		072F30B21B468536001A14E6 /* TopicListVC.xib */ = {isa = PBXFileReference; fileEncoding = 4; lastKnownFileType = file.xib; path = TopicListVC.xib; sourceTree = "<group>"; };
		072F30B51B4A702E001A14E6 /* TopicListCell.h */ = {isa = PBXFileReference; fileEncoding = 4; lastKnownFileType = sourcecode.c.h; path = TopicListCell.h; sourceTree = "<group>"; };
		072F30B61B4A702E001A14E6 /* TopicListCell.m */ = {isa = PBXFileReference; fileEncoding = 4; lastKnownFileType = sourcecode.c.objc; path = TopicListCell.m; sourceTree = "<group>"; };
		072F30B71B4A702E001A14E6 /* TopicListCell.xib */ = {isa = PBXFileReference; fileEncoding = 4; lastKnownFileType = file.xib; path = TopicListCell.xib; sourceTree = "<group>"; };
		074607841B4BB5540035E08D /* MyIndexVC.h */ = {isa = PBXFileReference; fileEncoding = 4; lastKnownFileType = sourcecode.c.h; path = MyIndexVC.h; sourceTree = "<group>"; };
		074607851B4BB5540035E08D /* MyIndexVC.m */ = {isa = PBXFileReference; fileEncoding = 4; lastKnownFileType = sourcecode.c.objc; path = MyIndexVC.m; sourceTree = "<group>"; };
		074607861B4BB5540035E08D /* MyIndexVC.xib */ = {isa = PBXFileReference; fileEncoding = 4; lastKnownFileType = file.xib; path = MyIndexVC.xib; sourceTree = "<group>"; };
		074607891B4BBAF40035E08D /* MyDiaryBookListTVC.h */ = {isa = PBXFileReference; fileEncoding = 4; lastKnownFileType = sourcecode.c.h; path = MyDiaryBookListTVC.h; sourceTree = "<group>"; };
		0746078A1B4BBAF40035E08D /* MyDiaryBookListTVC.m */ = {isa = PBXFileReference; fileEncoding = 4; lastKnownFileType = sourcecode.c.objc; path = MyDiaryBookListTVC.m; sourceTree = "<group>"; };
		0746078B1B4BBAF40035E08D /* MyDiaryBookListTVC.xib */ = {isa = PBXFileReference; fileEncoding = 4; lastKnownFileType = file.xib; path = MyDiaryBookListTVC.xib; sourceTree = "<group>"; };
		076767A51B4E601500F73D00 /* ProjectSelectVC.h */ = {isa = PBXFileReference; fileEncoding = 4; lastKnownFileType = sourcecode.c.h; path = ProjectSelectVC.h; sourceTree = "<group>"; };
		076767A61B4E601500F73D00 /* ProjectSelectVC.m */ = {isa = PBXFileReference; fileEncoding = 4; lastKnownFileType = sourcecode.c.objc; path = ProjectSelectVC.m; sourceTree = "<group>"; };
		076767A71B4E601500F73D00 /* ProjectSelectVC.xib */ = {isa = PBXFileReference; fileEncoding = 4; lastKnownFileType = file.xib; path = ProjectSelectVC.xib; sourceTree = "<group>"; };
		077C67331B52C6BB00619740 /* ImageRowCell.h */ = {isa = PBXFileReference; fileEncoding = 4; lastKnownFileType = sourcecode.c.h; path = ImageRowCell.h; sourceTree = "<group>"; };
		077C67341B52C6BB00619740 /* ImageRowCell.m */ = {isa = PBXFileReference; fileEncoding = 4; lastKnownFileType = sourcecode.c.objc; path = ImageRowCell.m; sourceTree = "<group>"; };
		077C67361B536B6E00619740 /* AssetsLibrary.framework */ = {isa = PBXFileReference; lastKnownFileType = wrapper.framework; name = AssetsLibrary.framework; path = System/Library/Frameworks/AssetsLibrary.framework; sourceTree = SDKROOT; };
		07C91D2E1B54AAA50069470E /* DoctorSelectVC.h */ = {isa = PBXFileReference; fileEncoding = 4; lastKnownFileType = sourcecode.c.h; path = DoctorSelectVC.h; sourceTree = "<group>"; };
		07C91D2F1B54AAA50069470E /* DoctorSelectVC.m */ = {isa = PBXFileReference; fileEncoding = 4; lastKnownFileType = sourcecode.c.objc; path = DoctorSelectVC.m; sourceTree = "<group>"; };
		07C91D301B54AAA50069470E /* DoctorSelectVC.xib */ = {isa = PBXFileReference; fileEncoding = 4; lastKnownFileType = file.xib; path = DoctorSelectVC.xib; sourceTree = "<group>"; };
		07C91D331B5612770069470E /* DiaryDetailWVC.h */ = {isa = PBXFileReference; fileEncoding = 4; lastKnownFileType = sourcecode.c.h; path = DiaryDetailWVC.h; sourceTree = "<group>"; };
		07C91D341B5612770069470E /* DiaryDetailWVC.m */ = {isa = PBXFileReference; fileEncoding = 4; lastKnownFileType = sourcecode.c.objc; path = DiaryDetailWVC.m; sourceTree = "<group>"; };
		07C91D351B5612770069470E /* DiaryDetailWVC.xib */ = {isa = PBXFileReference; fileEncoding = 4; lastKnownFileType = file.xib; path = DiaryDetailWVC.xib; sourceTree = "<group>"; };
		07C91D451B56497C0069470E /* DiaryDetailVC.h */ = {isa = PBXFileReference; fileEncoding = 4; lastKnownFileType = sourcecode.c.h; path = DiaryDetailVC.h; sourceTree = "<group>"; };
		07C91D461B56497C0069470E /* DiaryDetailVC.m */ = {isa = PBXFileReference; fileEncoding = 4; lastKnownFileType = sourcecode.c.objc; path = DiaryDetailVC.m; sourceTree = "<group>"; };
		07CFFDD41B53AC6400B2560E /* HospitalSelectVC.h */ = {isa = PBXFileReference; fileEncoding = 4; lastKnownFileType = sourcecode.c.h; path = HospitalSelectVC.h; sourceTree = "<group>"; };
		07CFFDD51B53AC6400B2560E /* HospitalSelectVC.m */ = {isa = PBXFileReference; fileEncoding = 4; lastKnownFileType = sourcecode.c.objc; path = HospitalSelectVC.m; sourceTree = "<group>"; };
		07CFFDD61B53AC6400B2560E /* HospitalSelectVC.xib */ = {isa = PBXFileReference; fileEncoding = 4; lastKnownFileType = file.xib; path = HospitalSelectVC.xib; sourceTree = "<group>"; };
		07FB9C331B4E145B000CCC45 /* CreateDiaryBookFVC.h */ = {isa = PBXFileReference; fileEncoding = 4; lastKnownFileType = sourcecode.c.h; path = CreateDiaryBookFVC.h; sourceTree = "<group>"; };
		07FB9C341B4E145B000CCC45 /* CreateDiaryBookFVC.m */ = {isa = PBXFileReference; fileEncoding = 4; lastKnownFileType = sourcecode.c.objc; path = CreateDiaryBookFVC.m; sourceTree = "<group>"; };
		07FB9C351B4E145B000CCC45 /* CreateDiaryBookFVC.xib */ = {isa = PBXFileReference; fileEncoding = 4; lastKnownFileType = file.xib; path = CreateDiaryBookFVC.xib; sourceTree = "<group>"; };
		07FB9C381B4E1471000CCC45 /* CreateDiaryFVC.h */ = {isa = PBXFileReference; fileEncoding = 4; lastKnownFileType = sourcecode.c.h; path = CreateDiaryFVC.h; sourceTree = "<group>"; };
		07FB9C391B4E1471000CCC45 /* CreateDiaryFVC.m */ = {isa = PBXFileReference; fileEncoding = 4; lastKnownFileType = sourcecode.c.objc; path = CreateDiaryFVC.m; sourceTree = "<group>"; };
		07FB9C3A1B4E1471000CCC45 /* CreateDiaryFVC.xib */ = {isa = PBXFileReference; fileEncoding = 4; lastKnownFileType = file.xib; path = CreateDiaryFVC.xib; sourceTree = "<group>"; };
		07FB9C3D1B4E1486000CCC45 /* CreateTopicFVC.h */ = {isa = PBXFileReference; fileEncoding = 4; lastKnownFileType = sourcecode.c.h; path = CreateTopicFVC.h; sourceTree = "<group>"; };
		07FB9C3E1B4E1486000CCC45 /* CreateTopicFVC.m */ = {isa = PBXFileReference; fileEncoding = 4; lastKnownFileType = sourcecode.c.objc; path = CreateTopicFVC.m; sourceTree = "<group>"; };
		07FB9C3F1B4E1486000CCC45 /* CreateTopicFVC.xib */ = {isa = PBXFileReference; fileEncoding = 4; lastKnownFileType = file.xib; path = CreateTopicFVC.xib; sourceTree = "<group>"; };
		3CDC5011C0DC667206AB0190 /* ELCAlbumPickerController.h */ = {isa = PBXFileReference; fileEncoding = 4; lastKnownFileType = sourcecode.c.h; path = ELCAlbumPickerController.h; sourceTree = "<group>"; };
		3CDC50439D6B18F000354CD6 /* TopicModel.m */ = {isa = PBXFileReference; fileEncoding = 4; lastKnownFileType = sourcecode.c.objc; path = TopicModel.m; sourceTree = "<group>"; };
		3CDC506D5F81122F80F2A68D /* ELCOverlayImageView.h */ = {isa = PBXFileReference; fileEncoding = 4; lastKnownFileType = sourcecode.c.h; path = ELCOverlayImageView.h; sourceTree = "<group>"; };
		3CDC5073432FD1F9A136B5D4 /* DoctorModel.m */ = {isa = PBXFileReference; fileEncoding = 4; lastKnownFileType = sourcecode.c.objc; path = DoctorModel.m; sourceTree = "<group>"; };
		3CDC50AD67ABE27D12768D02 /* RespondModel.h */ = {isa = PBXFileReference; fileEncoding = 4; lastKnownFileType = sourcecode.c.h; path = RespondModel.h; sourceTree = "<group>"; };
		3CDC50CCE1665AAD44EBB742 /* UIView+SLKAdditions.h */ = {isa = PBXFileReference; fileEncoding = 4; lastKnownFileType = sourcecode.c.h; path = "UIView+SLKAdditions.h"; sourceTree = "<group>"; };
		3CDC50FFF325119EDE8210C5 /* CategoryModel.h */ = {isa = PBXFileReference; fileEncoding = 4; lastKnownFileType = sourcecode.c.h; path = CategoryModel.h; sourceTree = "<group>"; };
		3CDC51143C40C1176B84D9DD /* MLRequestManager.h */ = {isa = PBXFileReference; fileEncoding = 4; lastKnownFileType = sourcecode.c.h; path = MLRequestManager.h; sourceTree = "<group>"; };
		3CDC5116948248EA8B39AFCF /* ELCAssetPicker.xib */ = {isa = PBXFileReference; lastKnownFileType = file.xib; path = ELCAssetPicker.xib; sourceTree = "<group>"; };
		3CDC51A1E4A6F0BC7A689D2F /* SLKTextInputbar.m */ = {isa = PBXFileReference; fileEncoding = 4; lastKnownFileType = sourcecode.c.objc; path = SLKTextInputbar.m; sourceTree = "<group>"; };
		3CDC51E4DF2E06D32E164600 /* SLKTextView.h */ = {isa = PBXFileReference; fileEncoding = 4; lastKnownFileType = sourcecode.c.h; path = SLKTextView.h; sourceTree = "<group>"; };
		3CDC52045F7DBE1CD674E091 /* MLJsonModel.h */ = {isa = PBXFileReference; fileEncoding = 4; lastKnownFileType = sourcecode.c.h; path = MLJsonModel.h; sourceTree = "<group>"; };
		3CDC5218D7E23FB9BB172D9C /* SLKTextViewController.m */ = {isa = PBXFileReference; fileEncoding = 4; lastKnownFileType = sourcecode.c.objc; path = SLKTextViewController.m; sourceTree = "<group>"; };
		3CDC5250389104C21DC3BBF7 /* UIResponder+SLKAdditions.h */ = {isa = PBXFileReference; fileEncoding = 4; lastKnownFileType = sourcecode.c.h; path = "UIResponder+SLKAdditions.h"; sourceTree = "<group>"; };
		3CDC52507956A25261AC332B /* NSArray+toJsonString.h */ = {isa = PBXFileReference; fileEncoding = 4; lastKnownFileType = sourcecode.c.h; path = "NSArray+toJsonString.h"; sourceTree = "<group>"; };
		3CDC5303D4AA91E14F4EFCDA /* ELCAsset.h */ = {isa = PBXFileReference; fileEncoding = 4; lastKnownFileType = sourcecode.c.h; path = ELCAsset.h; sourceTree = "<group>"; };
		3CDC53152925CBAA23FE43E6 /* MLSession.h */ = {isa = PBXFileReference; fileEncoding = 4; lastKnownFileType = sourcecode.c.h; path = MLSession.h; sourceTree = "<group>"; };
		3CDC532E99B81B539DBA7594 /* ELCAlbumPickerController.m */ = {isa = PBXFileReference; fileEncoding = 4; lastKnownFileType = sourcecode.c.objc; path = ELCAlbumPickerController.m; sourceTree = "<group>"; };
		3CDC539503866142E846D7C9 /* XLFormRatingCell.m */ = {isa = PBXFileReference; fileEncoding = 4; lastKnownFileType = sourcecode.c.objc; path = XLFormRatingCell.m; sourceTree = "<group>"; };
		3CDC53A8C62F9A7808DAC7B2 /* black@2x.png */ = {isa = PBXFileReference; lastKnownFileType = image.png; path = "black@2x.png"; sourceTree = "<group>"; };
		3CDC53CAAB6150275227214A /* SLKTypingIndicatorProtocol.h */ = {isa = PBXFileReference; fileEncoding = 4; lastKnownFileType = sourcecode.c.h; path = SLKTypingIndicatorProtocol.h; sourceTree = "<group>"; };
		3CDC5404A89048EC837DAB69 /* ELCAssetTablePicker.h */ = {isa = PBXFileReference; fileEncoding = 4; lastKnownFileType = sourcecode.c.h; path = ELCAssetTablePicker.h; sourceTree = "<group>"; };
		3CDC545CA79CC064904E5255 /* SLKTextView.m */ = {isa = PBXFileReference; fileEncoding = 4; lastKnownFileType = sourcecode.c.objc; path = SLKTextView.m; sourceTree = "<group>"; };
		3CDC55488CF5DDC0399C94D4 /* AFTableViewCell.h */ = {isa = PBXFileReference; fileEncoding = 4; lastKnownFileType = sourcecode.c.h; path = AFTableViewCell.h; sourceTree = "<group>"; };
		3CDC559B1F0683E9CBEF96DB /* AFTableViewCell.m */ = {isa = PBXFileReference; fileEncoding = 4; lastKnownFileType = sourcecode.c.objc; path = AFTableViewCell.m; sourceTree = "<group>"; };
		3CDC55BF2784166CA4EE1E1A /* SLKTextInputbar.h */ = {isa = PBXFileReference; fileEncoding = 4; lastKnownFileType = sourcecode.c.h; path = SLKTextInputbar.h; sourceTree = "<group>"; };
		3CDC55C23738550774AB748D /* UploadTokenModel.h */ = {isa = PBXFileReference; fileEncoding = 4; lastKnownFileType = sourcecode.c.h; path = UploadTokenModel.h; sourceTree = "<group>"; };
		3CDC55FFFD232DA56A21E1BA /* HospitalModel.h */ = {isa = PBXFileReference; fileEncoding = 4; lastKnownFileType = sourcecode.c.h; path = HospitalModel.h; sourceTree = "<group>"; };
		3CDC566F3C9693A1C8D52D1B /* DiaryBookModel.h */ = {isa = PBXFileReference; fileEncoding = 4; lastKnownFileType = sourcecode.c.h; path = DiaryBookModel.h; sourceTree = "<group>"; };
		3CDC567BD9741BC4DAB98D48 /* ELCAssetSelectionDelegate.h */ = {isa = PBXFileReference; fileEncoding = 4; lastKnownFileType = sourcecode.c.h; path = ELCAssetSelectionDelegate.h; sourceTree = "<group>"; };
		3CDC5686ADA71FE33A952649 /* ELCConsole.h */ = {isa = PBXFileReference; fileEncoding = 4; lastKnownFileType = sourcecode.c.h; path = ELCConsole.h; sourceTree = "<group>"; };
		3CDC56A44FDF489C213CC41E /* SLKTypingIndicatorView.h */ = {isa = PBXFileReference; fileEncoding = 4; lastKnownFileType = sourcecode.c.h; path = SLKTypingIndicatorView.h; sourceTree = "<group>"; };
		3CDC56D987933650A3C8A60E /* ELCOverlayImageView.m */ = {isa = PBXFileReference; fileEncoding = 4; lastKnownFileType = sourcecode.c.objc; path = ELCOverlayImageView.m; sourceTree = "<group>"; };
		3CDC56E914AEA220E50BFBB5 /* MLRequestManager.m */ = {isa = PBXFileReference; fileEncoding = 4; lastKnownFileType = sourcecode.c.objc; path = MLRequestManager.m; sourceTree = "<group>"; };
		3CDC56ECA18528CB2AAB633B /* ELCAssetCell.h */ = {isa = PBXFileReference; fileEncoding = 4; lastKnownFileType = sourcecode.c.h; path = ELCAssetCell.h; sourceTree = "<group>"; };
		3CDC5780F7EA37FAFF250204 /* ELCImagePickerHeader.h */ = {isa = PBXFileReference; fileEncoding = 4; lastKnownFileType = sourcecode.c.h; path = ELCImagePickerHeader.h; sourceTree = "<group>"; };
		3CDC57A570C885CFE5707107 /* ELCImagePickerController.m */ = {isa = PBXFileReference; fileEncoding = 4; lastKnownFileType = sourcecode.c.objc; path = ELCImagePickerController.m; sourceTree = "<group>"; };
		3CDC582A761F21A9AC5CC46F /* MLRandom.m */ = {isa = PBXFileReference; fileEncoding = 4; lastKnownFileType = sourcecode.c.objc; path = MLRandom.m; sourceTree = "<group>"; };
		3CDC58DD20D38D9D818A26BB /* SLKInputAccessoryView.h */ = {isa = PBXFileReference; fileEncoding = 4; lastKnownFileType = sourcecode.c.h; path = SLKInputAccessoryView.h; sourceTree = "<group>"; };
		3CDC58F73478E5A0F4CC44B5 /* ELCAssetTablePicker.m */ = {isa = PBXFileReference; fileEncoding = 4; lastKnownFileType = sourcecode.c.objc; path = ELCAssetTablePicker.m; sourceTree = "<group>"; };
		3CDC592229E51A7D98EA62D8 /* MLSession.m */ = {isa = PBXFileReference; fileEncoding = 4; lastKnownFileType = sourcecode.c.objc; path = MLSession.m; sourceTree = "<group>"; };
		3CDC592FA18BCE8F22C16D3D /* selectPhoto@2x.png */ = {isa = PBXFileReference; lastKnownFileType = image.png; path = "selectPhoto@2x.png"; sourceTree = "<group>"; };
		3CDC597108C0E2C1526D42BA /* CategoryModel.m */ = {isa = PBXFileReference; fileEncoding = 4; lastKnownFileType = sourcecode.c.objc; path = CategoryModel.m; sourceTree = "<group>"; };
		3CDC597B403772AC21D8C2C6 /* ELCAssetTablePicker.xib */ = {isa = PBXFileReference; lastKnownFileType = file.xib; path = ELCAssetTablePicker.xib; sourceTree = "<group>"; };
		3CDC5987BB34C7D719ADD99D /* SLKTextView+SLKAdditions.h */ = {isa = PBXFileReference; fileEncoding = 4; lastKnownFileType = sourcecode.c.h; path = "SLKTextView+SLKAdditions.h"; sourceTree = "<group>"; };
		3CDC59AC37FF813066BEC7AF /* ELCAssetPickerFilterDelegate.h */ = {isa = PBXFileReference; fileEncoding = 4; lastKnownFileType = sourcecode.c.h; path = ELCAssetPickerFilterDelegate.h; sourceTree = "<group>"; };
		3CDC59AFC59FCBBC3CCCDD58 /* HospitalModel.m */ = {isa = PBXFileReference; fileEncoding = 4; lastKnownFileType = sourcecode.c.objc; path = HospitalModel.m; sourceTree = "<group>"; };
		3CDC59DB976691D65C5ECDCD /* ELCAlbumPickerController.xib */ = {isa = PBXFileReference; lastKnownFileType = file.xib; path = ELCAlbumPickerController.xib; sourceTree = "<group>"; };
		3CDC59EE7615C1F88295DE29 /* CategoriesArrayWrap.h */ = {isa = PBXFileReference; fileEncoding = 4; lastKnownFileType = sourcecode.c.h; path = CategoriesArrayWrap.h; sourceTree = "<group>"; };
		3CDC5A13DF6D9E0204EF8D36 /* UploadTokenModel.m */ = {isa = PBXFileReference; fileEncoding = 4; lastKnownFileType = sourcecode.c.objc; path = UploadTokenModel.m; sourceTree = "<group>"; };
		3CDC5A5B60184E3A29F42C81 /* UIScrollView+SLKAdditions.h */ = {isa = PBXFileReference; fileEncoding = 4; lastKnownFileType = sourcecode.c.h; path = "UIScrollView+SLKAdditions.h"; sourceTree = "<group>"; };
		3CDC5AD754B40F4C42EC7AB8 /* MLRandom.h */ = {isa = PBXFileReference; fileEncoding = 4; lastKnownFileType = sourcecode.c.h; path = MLRandom.h; sourceTree = "<group>"; };
		3CDC5AF995573CBE78549469 /* ELCAsset.m */ = {isa = PBXFileReference; fileEncoding = 4; lastKnownFileType = sourcecode.c.objc; path = ELCAsset.m; sourceTree = "<group>"; };
		3CDC5B17BB76E6736829D551 /* UIScrollView+SLKAdditions.m */ = {isa = PBXFileReference; fileEncoding = 4; lastKnownFileType = sourcecode.c.objc; path = "UIScrollView+SLKAdditions.m"; sourceTree = "<group>"; };
		3CDC5B23C177FE8EFE2343E6 /* 搜索@2x.png */ = {isa = PBXFileReference; lastKnownFileType = image.png; path = "搜索@2x.png"; sourceTree = "<group>"; };
		3CDC5B63426FE4A04BE7F99C /* blue@2x.png */ = {isa = PBXFileReference; lastKnownFileType = image.png; path = "blue@2x.png"; sourceTree = "<group>"; };
		3CDC5B6939D8B4428F5ABA13 /* SLKInputAccessoryView.m */ = {isa = PBXFileReference; fileEncoding = 4; lastKnownFileType = sourcecode.c.objc; path = SLKInputAccessoryView.m; sourceTree = "<group>"; };
		3CDC5C66F577C3D0E2962D8A /* SLKUIConstants.h */ = {isa = PBXFileReference; fileEncoding = 4; lastKnownFileType = sourcecode.c.h; path = SLKUIConstants.h; sourceTree = "<group>"; };
		3CDC5C67F8FA8AC83D99E300 /* SLKTextViewController.h */ = {isa = PBXFileReference; fileEncoding = 4; lastKnownFileType = sourcecode.c.h; path = SLKTextViewController.h; sourceTree = "<group>"; };
		3CDC5C92C7FFBCA9C773725A /* ELCConsole.m */ = {isa = PBXFileReference; fileEncoding = 4; lastKnownFileType = sourcecode.c.objc; path = ELCConsole.m; sourceTree = "<group>"; };
		3CDC5CB9FB37F9C2F71AF213 /* TopicModel.h */ = {isa = PBXFileReference; fileEncoding = 4; lastKnownFileType = sourcecode.c.h; path = TopicModel.h; sourceTree = "<group>"; };
		3CDC5CBA3D38057AB8CCB7F0 /* Overlay.png */ = {isa = PBXFileReference; lastKnownFileType = image.png; path = Overlay.png; sourceTree = "<group>"; };
		3CDC5D3B8732CB0F18558B30 /* UIView+SLKAdditions.m */ = {isa = PBXFileReference; fileEncoding = 4; lastKnownFileType = sourcecode.c.objc; path = "UIView+SLKAdditions.m"; sourceTree = "<group>"; };
		3CDC5D50CEAF04400D2A6CDF /* PageIndicator.m */ = {isa = PBXFileReference; fileEncoding = 4; lastKnownFileType = sourcecode.c.objc; path = PageIndicator.m; sourceTree = "<group>"; };
		3CDC5D544238B38E305442DD /* XLFormRatingCell.xib */ = {isa = PBXFileReference; lastKnownFileType = file.xib; path = XLFormRatingCell.xib; sourceTree = "<group>"; };
		3CDC5D89AE02239E92F501AC /* DoctorModel.h */ = {isa = PBXFileReference; fileEncoding = 4; lastKnownFileType = sourcecode.c.h; path = DoctorModel.h; sourceTree = "<group>"; };
		3CDC5DA88C2F5E35B83E906E /* NSArray+toJsonString.m */ = {isa = PBXFileReference; fileEncoding = 4; lastKnownFileType = sourcecode.c.objc; path = "NSArray+toJsonString.m"; sourceTree = "<group>"; };
		3CDC5DBDEFAA0714824AF0B9 /* SLKTypingIndicatorView.m */ = {isa = PBXFileReference; fileEncoding = 4; lastKnownFileType = sourcecode.c.objc; path = SLKTypingIndicatorView.m; sourceTree = "<group>"; };
		3CDC5DD1ABCAE261D249F615 /* UIResponder+SLKAdditions.m */ = {isa = PBXFileReference; fileEncoding = 4; lastKnownFileType = sourcecode.c.objc; path = "UIResponder+SLKAdditions.m"; sourceTree = "<group>"; };
		3CDC5DE2C6E64CD4CAE79464 /* XLFormRatingCell.h */ = {isa = PBXFileReference; fileEncoding = 4; lastKnownFileType = sourcecode.c.h; path = XLFormRatingCell.h; sourceTree = "<group>"; };
		3CDC5DF899CEC90E17742F7C /* DiaryModel.h */ = {isa = PBXFileReference; fileEncoding = 4; lastKnownFileType = sourcecode.c.h; path = DiaryModel.h; sourceTree = "<group>"; };
		3CDC5E63A63C6969B9D109F5 /* PageIndicator.h */ = {isa = PBXFileReference; fileEncoding = 4; lastKnownFileType = sourcecode.c.h; path = PageIndicator.h; sourceTree = "<group>"; };
		3CDC5E69A2856B3976E1FBCB /* XLRatingView.h */ = {isa = PBXFileReference; fileEncoding = 4; lastKnownFileType = sourcecode.c.h; path = XLRatingView.h; sourceTree = "<group>"; };
		3CDC5E6C125DA34A5D64B6EC /* DiaryBookModel.m */ = {isa = PBXFileReference; fileEncoding = 4; lastKnownFileType = sourcecode.c.objc; path = DiaryBookModel.m; sourceTree = "<group>"; };
		3CDC5E81B2F919AB62446254 /* CategoriesArrayWrap.m */ = {isa = PBXFileReference; fileEncoding = 4; lastKnownFileType = sourcecode.c.objc; path = CategoriesArrayWrap.m; sourceTree = "<group>"; };
		3CDC5E8F9D0269EEB4D0330A /* Overlay@2x.png */ = {isa = PBXFileReference; lastKnownFileType = image.png; path = "Overlay@2x.png"; sourceTree = "<group>"; };
		3CDC5EDE45048E6EBD0D401C /* RespondModel.m */ = {isa = PBXFileReference; fileEncoding = 4; lastKnownFileType = sourcecode.c.objc; path = RespondModel.m; sourceTree = "<group>"; };
		3CDC5EE28E8625F6FAC9F486 /* SLKTextView+SLKAdditions.m */ = {isa = PBXFileReference; fileEncoding = 4; lastKnownFileType = sourcecode.c.objc; path = "SLKTextView+SLKAdditions.m"; sourceTree = "<group>"; };
		3CDC5EF4E3D8E1054B3C731A /* ELCImagePickerController.h */ = {isa = PBXFileReference; fileEncoding = 4; lastKnownFileType = sourcecode.c.h; path = ELCImagePickerController.h; sourceTree = "<group>"; };
		3CDC5EFBECB8D6CF38033D6F /* DiaryModel.m */ = {isa = PBXFileReference; fileEncoding = 4; lastKnownFileType = sourcecode.c.objc; path = DiaryModel.m; sourceTree = "<group>"; };
		3CDC5F7AE5260A30F5A88CE3 /* XLRatingView.m */ = {isa = PBXFileReference; fileEncoding = 4; lastKnownFileType = sourcecode.c.objc; path = XLRatingView.m; sourceTree = "<group>"; };
		3CDC5F8533E195A6E27B562E /* ELCAssetCell.m */ = {isa = PBXFileReference; fileEncoding = 4; lastKnownFileType = sourcecode.c.objc; path = ELCAssetCell.m; sourceTree = "<group>"; };
		3CDC5FFDC7CE5565D2D71E0C /* MLJsonModel.m */ = {isa = PBXFileReference; fileEncoding = 4; lastKnownFileType = sourcecode.c.objc; path = MLJsonModel.m; sourceTree = "<group>"; };
		681628C019081CA3341F7F68 /* libPods-meiLiTianShi.a */ = {isa = PBXFileReference; explicitFileType = archive.ar; includeInIndex = 0; path = "libPods-meiLiTianShi.a"; sourceTree = BUILT_PRODUCTS_DIR; };
		B6119EACC3758C4C93EEB3EE /* Pods-meiLiTianShi.release.xcconfig */ = {isa = PBXFileReference; includeInIndex = 1; lastKnownFileType = text.xcconfig; name = "Pods-meiLiTianShi.release.xcconfig"; path = "Pods/Target Support Files/Pods-meiLiTianShi/Pods-meiLiTianShi.release.xcconfig"; sourceTree = "<group>"; };
/* End PBXFileReference section */

/* Begin PBXFrameworksBuildPhase section */
		072DCC321B43A1CE0091CBDE /* Frameworks */ = {
			isa = PBXFrameworksBuildPhase;
			buildActionMask = 2147483647;
			files = (
				077C67371B536B6E00619740 /* AssetsLibrary.framework in Frameworks */,
				707B061389615A8BCE04BC32 /* libPods-meiLiTianShi.a in Frameworks */,
			);
			runOnlyForDeploymentPostprocessing = 0;
		};
		072DCC4E1B43A1CE0091CBDE /* Frameworks */ = {
			isa = PBXFrameworksBuildPhase;
			buildActionMask = 2147483647;
			files = (
			);
			runOnlyForDeploymentPostprocessing = 0;
		};
/* End PBXFrameworksBuildPhase section */

/* Begin PBXGroup section */
		072DCC2C1B43A1CE0091CBDE = {
			isa = PBXGroup;
			children = (
				072DCC371B43A1CE0091CBDE /* meiLiTianShi */,
				072DCC541B43A1CE0091CBDE /* meiLiTianShiTests */,
				072DCC361B43A1CE0091CBDE /* Products */,
				95D2971EB71D4877724850F5 /* Pods */,
				D12D4EF717231CEA68B73D48 /* Frameworks */,
			);
			sourceTree = "<group>";
		};
		072DCC361B43A1CE0091CBDE /* Products */ = {
			isa = PBXGroup;
			children = (
				072DCC351B43A1CE0091CBDE /* meiLiTianShi.app */,
				072DCC511B43A1CE0091CBDE /* meiLiTianShiTests.xctest */,
			);
			name = Products;
			sourceTree = "<group>";
		};
		072DCC371B43A1CE0091CBDE /* meiLiTianShi */ = {
			isa = PBXGroup;
			children = (
				072DCC3C1B43A1CE0091CBDE /* AppDelegate.h */,
				072DCC3D1B43A1CE0091CBDE /* AppDelegate.m */,
				072DCC3F1B43A1CE0091CBDE /* FirstViewController.h */,
				072DCC401B43A1CE0091CBDE /* FirstViewController.m */,
				072DCC421B43A1CE0091CBDE /* SecondViewController.h */,
				072DCC431B43A1CE0091CBDE /* SecondViewController.m */,
				072DCC481B43A1CE0091CBDE /* Images.xcassets */,
				072DCC4A1B43A1CE0091CBDE /* LaunchScreen.xib */,
				072DCC381B43A1CE0091CBDE /* Supporting Files */,
				3CDC575B2A1B7426034141CE /* UI */,
				3CDC5A509067EF810B6FBBAA /* Service */,
				3CDC559B4CE010BC7BF3BFCE /* Model */,
				3CDC57AAD7EE7BF85356F427 /* Resource */,
				3CDC59D8FFE7FA743F30F5FB /* frameworks */,
			);
			path = meiLiTianShi;
			sourceTree = "<group>";
		};
		072DCC381B43A1CE0091CBDE /* Supporting Files */ = {
			isa = PBXGroup;
			children = (
				072DCC391B43A1CE0091CBDE /* Info.plist */,
				072DCC3A1B43A1CE0091CBDE /* main.m */,
			);
			name = "Supporting Files";
			sourceTree = "<group>";
		};
		072DCC541B43A1CE0091CBDE /* meiLiTianShiTests */ = {
			isa = PBXGroup;
			children = (
				072DCC571B43A1CE0091CBDE /* meiLiTianShiTests.m */,
				072DCC551B43A1CE0091CBDE /* Supporting Files */,
			);
			path = meiLiTianShiTests;
			sourceTree = "<group>";
		};
		072DCC551B43A1CE0091CBDE /* Supporting Files */ = {
			isa = PBXGroup;
			children = (
				072DCC561B43A1CE0091CBDE /* Info.plist */,
			);
			name = "Supporting Files";
			sourceTree = "<group>";
		};
		3CDC5083716725CB11D168CD /* Util */ = {
			isa = PBXGroup;
			children = (
				3CDC582A761F21A9AC5CC46F /* MLRandom.m */,
				3CDC5AD754B40F4C42EC7AB8 /* MLRandom.h */,
				3CDC5FFDC7CE5565D2D71E0C /* MLJsonModel.m */,
				3CDC52045F7DBE1CD674E091 /* MLJsonModel.h */,
			);
			path = Util;
			sourceTree = "<group>";
		};
		3CDC51F805AEAAD3EFDBA6EE /* Classes */ = {
			isa = PBXGroup;
			children = (
				3CDC51E4DF2E06D32E164600 /* SLKTextView.h */,
				3CDC545CA79CC064904E5255 /* SLKTextView.m */,
				3CDC55BF2784166CA4EE1E1A /* SLKTextInputbar.h */,
				3CDC51A1E4A6F0BC7A689D2F /* SLKTextInputbar.m */,
				3CDC58DD20D38D9D818A26BB /* SLKInputAccessoryView.h */,
				3CDC5B6939D8B4428F5ABA13 /* SLKInputAccessoryView.m */,
				3CDC5C67F8FA8AC83D99E300 /* SLKTextViewController.h */,
				3CDC5218D7E23FB9BB172D9C /* SLKTextViewController.m */,
				3CDC56A44FDF489C213CC41E /* SLKTypingIndicatorView.h */,
				3CDC5DBDEFAA0714824AF0B9 /* SLKTypingIndicatorView.m */,
				3CDC53CAAB6150275227214A /* SLKTypingIndicatorProtocol.h */,
			);
			path = Classes;
			sourceTree = "<group>";
		};
		3CDC525C9B9F287934C6FBF1 /* ELCImagePicker */ = {
			isa = PBXGroup;
			children = (
				3CDC55F3BBA1CE789ADBFA1A /* Resources */,
				3CDC5303D4AA91E14F4EFCDA /* ELCAsset.h */,
				3CDC5AF995573CBE78549469 /* ELCAsset.m */,
				3CDC5686ADA71FE33A952649 /* ELCConsole.h */,
				3CDC5C92C7FFBCA9C773725A /* ELCConsole.m */,
				3CDC56ECA18528CB2AAB633B /* ELCAssetCell.h */,
				3CDC5F8533E195A6E27B562E /* ELCAssetCell.m */,
				3CDC5404A89048EC837DAB69 /* ELCAssetTablePicker.h */,
				3CDC58F73478E5A0F4CC44B5 /* ELCAssetTablePicker.m */,
				3CDC506D5F81122F80F2A68D /* ELCOverlayImageView.h */,
				3CDC56D987933650A3C8A60E /* ELCOverlayImageView.m */,
				3CDC5780F7EA37FAFF250204 /* ELCImagePickerHeader.h */,
				3CDC5011C0DC667206AB0190 /* ELCAlbumPickerController.h */,
				3CDC532E99B81B539DBA7594 /* ELCAlbumPickerController.m */,
				3CDC5EF4E3D8E1054B3C731A /* ELCImagePickerController.h */,
				3CDC57A570C885CFE5707107 /* ELCImagePickerController.m */,
				3CDC567BD9741BC4DAB98D48 /* ELCAssetSelectionDelegate.h */,
				3CDC59AC37FF813066BEC7AF /* ELCAssetPickerFilterDelegate.h */,
			);
			path = ELCImagePicker;
			sourceTree = "<group>";
		};
		3CDC53AF979AFCB7505AD411 /* NSArray+toJsonString */ = {
			isa = PBXGroup;
			children = (
				3CDC5DA88C2F5E35B83E906E /* NSArray+toJsonString.m */,
				3CDC52507956A25261AC332B /* NSArray+toJsonString.h */,
			);
			path = "NSArray+toJsonString";
			sourceTree = "<group>";
		};
		3CDC54216A2D4023C1EA0988 /* Additions */ = {
			isa = PBXGroup;
			children = (
				3CDC5C66F577C3D0E2962D8A /* SLKUIConstants.h */,
				3CDC50CCE1665AAD44EBB742 /* UIView+SLKAdditions.h */,
				3CDC5D3B8732CB0F18558B30 /* UIView+SLKAdditions.m */,
				3CDC5987BB34C7D719ADD99D /* SLKTextView+SLKAdditions.h */,
				3CDC5EE28E8625F6FAC9F486 /* SLKTextView+SLKAdditions.m */,
				3CDC5250389104C21DC3BBF7 /* UIResponder+SLKAdditions.h */,
				3CDC5DD1ABCAE261D249F615 /* UIResponder+SLKAdditions.m */,
				3CDC5A5B60184E3A29F42C81 /* UIScrollView+SLKAdditions.h */,
				3CDC5B17BB76E6736829D551 /* UIScrollView+SLKAdditions.m */,
			);
			path = Additions;
			sourceTree = "<group>";
		};
		3CDC5461470D4355A4271D0F /* SlackTextViewController */ = {
			isa = PBXGroup;
			children = (
				3CDC51F805AEAAD3EFDBA6EE /* Classes */,
				3CDC54216A2D4023C1EA0988 /* Additions */,
			);
			path = SlackTextViewController;
			sourceTree = "<group>";
		};
		3CDC55461C99D4074F6B469C /* AFTabledCollectionView */ = {
			isa = PBXGroup;
			children = (
				3CDC55488CF5DDC0399C94D4 /* AFTableViewCell.h */,
				3CDC559B1F0683E9CBEF96DB /* AFTableViewCell.m */,
			);
			path = AFTabledCollectionView;
			sourceTree = "<group>";
		};
		3CDC559B4CE010BC7BF3BFCE /* Model */ = {
			isa = PBXGroup;
			children = (
				3CDC5EDE45048E6EBD0D401C /* RespondModel.m */,
				3CDC50AD67ABE27D12768D02 /* RespondModel.h */,
				3CDC50439D6B18F000354CD6 /* TopicModel.m */,
				3CDC5CB9FB37F9C2F71AF213 /* TopicModel.h */,
				3CDC5D50CEAF04400D2A6CDF /* PageIndicator.m */,
				3CDC5E63A63C6969B9D109F5 /* PageIndicator.h */,
				3CDC5E6C125DA34A5D64B6EC /* DiaryBookModel.m */,
				3CDC566F3C9693A1C8D52D1B /* DiaryBookModel.h */,
				3CDC5EFBECB8D6CF38033D6F /* DiaryModel.m */,
				3CDC5DF899CEC90E17742F7C /* DiaryModel.h */,
				3CDC597108C0E2C1526D42BA /* CategoryModel.m */,
				3CDC50FFF325119EDE8210C5 /* CategoryModel.h */,
				3CDC5E81B2F919AB62446254 /* CategoriesArrayWrap.m */,
				3CDC59EE7615C1F88295DE29 /* CategoriesArrayWrap.h */,
				3CDC5073432FD1F9A136B5D4 /* DoctorModel.m */,
				3CDC5D89AE02239E92F501AC /* DoctorModel.h */,
				3CDC59AFC59FCBBC3CCCDD58 /* HospitalModel.m */,
				3CDC55FFFD232DA56A21E1BA /* HospitalModel.h */,
				3CDC5A13DF6D9E0204EF8D36 /* UploadTokenModel.m */,
				3CDC55C23738550774AB748D /* UploadTokenModel.h */,
			);
			path = Model;
			sourceTree = "<group>";
		};
		3CDC55E15650651E6EE584A6 /* Social */ = {
			isa = PBXGroup;
			children = (
				072F30B01B468536001A14E6 /* TopicListVC.h */,
				072F30B11B468536001A14E6 /* TopicListVC.m */,
				072F30B21B468536001A14E6 /* TopicListVC.xib */,
				072F30B51B4A702E001A14E6 /* TopicListCell.h */,
				072F30B61B4A702E001A14E6 /* TopicListCell.m */,
				072F30B71B4A702E001A14E6 /* TopicListCell.xib */,
				3CDC5F82A36890DC46E43AAC /* createNew */,
				07C91D331B5612770069470E /* DiaryDetailWVC.h */,
				07C91D341B5612770069470E /* DiaryDetailWVC.m */,
				07C91D351B5612770069470E /* DiaryDetailWVC.xib */,
				07C91D451B56497C0069470E /* DiaryDetailVC.h */,
				07C91D461B56497C0069470E /* DiaryDetailVC.m */,
			);
			path = Social;
			sourceTree = "<group>";
		};
		3CDC55F3BBA1CE789ADBFA1A /* Resources */ = {
			isa = PBXGroup;
			children = (
				3CDC5CBA3D38057AB8CCB7F0 /* Overlay.png */,
				3CDC5E8F9D0269EEB4D0330A /* Overlay@2x.png */,
				3CDC5116948248EA8B39AFCF /* ELCAssetPicker.xib */,
				3CDC597B403772AC21D8C2C6 /* ELCAssetTablePicker.xib */,
				3CDC59DB976691D65C5ECDCD /* ELCAlbumPickerController.xib */,
			);
			path = Resources;
			sourceTree = "<group>";
		};
		3CDC575B2A1B7426034141CE /* UI */ = {
			isa = PBXGroup;
			children = (
				072F30AB1B46427B001A14E6 /* FirstVC.h */,
				072F30AC1B46427B001A14E6 /* FirstVC.m */,
				072F30AD1B46427B001A14E6 /* FirstVC.xib */,
				3CDC55E15650651E6EE584A6 /* Social */,
				3CDC5E90FA7401823429E2FB /* My */,
			);
			path = UI;
			sourceTree = "<group>";
		};
		3CDC57AAD7EE7BF85356F427 /* Resource */ = {
			isa = PBXGroup;
			children = (
				3CDC53A8C62F9A7808DAC7B2 /* black@2x.png */,
				3CDC5B63426FE4A04BE7F99C /* blue@2x.png */,
				3CDC592FA18BCE8F22C16D3D /* selectPhoto@2x.png */,
				3CDC5B23C177FE8EFE2343E6 /* 搜索@2x.png */,
			);
			path = Resource;
			sourceTree = "<group>";
		};
		3CDC58150BF95B10FFA80C51 /* RatingView */ = {
			isa = PBXGroup;
			children = (
				3CDC5E69A2856B3976E1FBCB /* XLRatingView.h */,
				3CDC5F7AE5260A30F5A88CE3 /* XLRatingView.m */,
			);
			path = RatingView;
			sourceTree = "<group>";
		};
		3CDC59D62DA7D9806843A31F /* Rating */ = {
			isa = PBXGroup;
			children = (
				3CDC58150BF95B10FFA80C51 /* RatingView */,
				3CDC5DE2C6E64CD4CAE79464 /* XLFormRatingCell.h */,
				3CDC539503866142E846D7C9 /* XLFormRatingCell.m */,
				3CDC5D544238B38E305442DD /* XLFormRatingCell.xib */,
			);
			path = Rating;
			sourceTree = "<group>";
		};
		3CDC59D8FFE7FA743F30F5FB /* frameworks */ = {
			isa = PBXGroup;
			children = (
				3CDC55461C99D4074F6B469C /* AFTabledCollectionView */,
				3CDC525C9B9F287934C6FBF1 /* ELCImagePicker */,
				3CDC53AF979AFCB7505AD411 /* NSArray+toJsonString */,
				3CDC59D62DA7D9806843A31F /* Rating */,
				3CDC5461470D4355A4271D0F /* SlackTextViewController */,
			);
			path = frameworks;
			sourceTree = "<group>";
		};
		3CDC5A509067EF810B6FBBAA /* Service */ = {
			isa = PBXGroup;
			children = (
				3CDC56E914AEA220E50BFBB5 /* MLRequestManager.m */,
				3CDC51143C40C1176B84D9DD /* MLRequestManager.h */,
				3CDC592229E51A7D98EA62D8 /* MLSession.m */,
				3CDC53152925CBAA23FE43E6 /* MLSession.h */,
				3CDC5083716725CB11D168CD /* Util */,
			);
			path = Service;
			sourceTree = "<group>";
		};
		3CDC5E90FA7401823429E2FB /* My */ = {
			isa = PBXGroup;
			children = (
				074607841B4BB5540035E08D /* MyIndexVC.h */,
				074607851B4BB5540035E08D /* MyIndexVC.m */,
				074607861B4BB5540035E08D /* MyIndexVC.xib */,
				074607891B4BBAF40035E08D /* MyDiaryBookListTVC.h */,
				0746078A1B4BBAF40035E08D /* MyDiaryBookListTVC.m */,
				0746078B1B4BBAF40035E08D /* MyDiaryBookListTVC.xib */,
			);
			path = My;
			sourceTree = "<group>";
		};
		3CDC5F82A36890DC46E43AAC /* createNew */ = {
			isa = PBXGroup;
			children = (
				07FB9C331B4E145B000CCC45 /* CreateDiaryBookFVC.h */,
				07FB9C341B4E145B000CCC45 /* CreateDiaryBookFVC.m */,
				07FB9C351B4E145B000CCC45 /* CreateDiaryBookFVC.xib */,
				07FB9C381B4E1471000CCC45 /* CreateDiaryFVC.h */,
				07FB9C391B4E1471000CCC45 /* CreateDiaryFVC.m */,
				07FB9C3A1B4E1471000CCC45 /* CreateDiaryFVC.xib */,
				07FB9C3D1B4E1486000CCC45 /* CreateTopicFVC.h */,
				07FB9C3E1B4E1486000CCC45 /* CreateTopicFVC.m */,
				07FB9C3F1B4E1486000CCC45 /* CreateTopicFVC.xib */,
				076767A51B4E601500F73D00 /* ProjectSelectVC.h */,
				076767A61B4E601500F73D00 /* ProjectSelectVC.m */,
				076767A71B4E601500F73D00 /* ProjectSelectVC.xib */,
				077C67331B52C6BB00619740 /* ImageRowCell.h */,
				077C67341B52C6BB00619740 /* ImageRowCell.m */,
				07CFFDD41B53AC6400B2560E /* HospitalSelectVC.h */,
				07CFFDD51B53AC6400B2560E /* HospitalSelectVC.m */,
				07CFFDD61B53AC6400B2560E /* HospitalSelectVC.xib */,
				07C91D2E1B54AAA50069470E /* DoctorSelectVC.h */,
				07C91D2F1B54AAA50069470E /* DoctorSelectVC.m */,
				07C91D301B54AAA50069470E /* DoctorSelectVC.xib */,
			);
			path = createNew;
			sourceTree = "<group>";
		};
		95D2971EB71D4877724850F5 /* Pods */ = {
			isa = PBXGroup;
			children = (
				04824D0C260B948B14E70861 /* Pods-meiLiTianShi.debug.xcconfig */,
				B6119EACC3758C4C93EEB3EE /* Pods-meiLiTianShi.release.xcconfig */,
			);
			name = Pods;
			sourceTree = "<group>";
		};
		D12D4EF717231CEA68B73D48 /* Frameworks */ = {
			isa = PBXGroup;
			children = (
				077C67361B536B6E00619740 /* AssetsLibrary.framework */,
				681628C019081CA3341F7F68 /* libPods-meiLiTianShi.a */,
			);
			name = Frameworks;
			sourceTree = "<group>";
		};
/* End PBXGroup section */

/* Begin PBXNativeTarget section */
		072DCC341B43A1CE0091CBDE /* meiLiTianShi */ = {
			isa = PBXNativeTarget;
			buildConfigurationList = 072DCC5B1B43A1CE0091CBDE /* Build configuration list for PBXNativeTarget "meiLiTianShi" */;
			buildPhases = (
				8109906647BB1534E2A21655 /* Check Pods Manifest.lock */,
				072DCC311B43A1CE0091CBDE /* Sources */,
				072DCC321B43A1CE0091CBDE /* Frameworks */,
				072DCC331B43A1CE0091CBDE /* Resources */,
				9DCC0C8EF11F81625D317B72 /* Copy Pods Resources */,
			);
			buildRules = (
			);
			dependencies = (
			);
			name = meiLiTianShi;
			productName = meiLiTianShi;
			productReference = 072DCC351B43A1CE0091CBDE /* meiLiTianShi.app */;
			productType = "com.apple.product-type.application";
		};
		072DCC501B43A1CE0091CBDE /* meiLiTianShiTests */ = {
			isa = PBXNativeTarget;
			buildConfigurationList = 072DCC5E1B43A1CE0091CBDE /* Build configuration list for PBXNativeTarget "meiLiTianShiTests" */;
			buildPhases = (
				072DCC4D1B43A1CE0091CBDE /* Sources */,
				072DCC4E1B43A1CE0091CBDE /* Frameworks */,
				072DCC4F1B43A1CE0091CBDE /* Resources */,
			);
			buildRules = (
			);
			dependencies = (
				072DCC531B43A1CE0091CBDE /* PBXTargetDependency */,
			);
			name = meiLiTianShiTests;
			productName = meiLiTianShiTests;
			productReference = 072DCC511B43A1CE0091CBDE /* meiLiTianShiTests.xctest */;
			productType = "com.apple.product-type.bundle.unit-test";
		};
/* End PBXNativeTarget section */

/* Begin PBXProject section */
		072DCC2D1B43A1CE0091CBDE /* Project object */ = {
			isa = PBXProject;
			attributes = {
				LastUpgradeCheck = 0630;
				ORGANIZATIONNAME = "Jiayan Technologies Co., Ltd.";
				TargetAttributes = {
					072DCC341B43A1CE0091CBDE = {
						CreatedOnToolsVersion = 6.3.1;
					};
					072DCC501B43A1CE0091CBDE = {
						CreatedOnToolsVersion = 6.3.1;
						TestTargetID = 072DCC341B43A1CE0091CBDE;
					};
				};
			};
			buildConfigurationList = 072DCC301B43A1CE0091CBDE /* Build configuration list for PBXProject "meiLiTianShi" */;
			compatibilityVersion = "Xcode 3.2";
			developmentRegion = English;
			hasScannedForEncodings = 0;
			knownRegions = (
				en,
				Base,
			);
			mainGroup = 072DCC2C1B43A1CE0091CBDE;
			productRefGroup = 072DCC361B43A1CE0091CBDE /* Products */;
			projectDirPath = "";
			projectRoot = "";
			targets = (
				072DCC341B43A1CE0091CBDE /* meiLiTianShi */,
				072DCC501B43A1CE0091CBDE /* meiLiTianShiTests */,
			);
		};
/* End PBXProject section */

/* Begin PBXResourcesBuildPhase section */
		072DCC331B43A1CE0091CBDE /* Resources */ = {
			isa = PBXResourcesBuildPhase;
			buildActionMask = 2147483647;
			files = (
				0746078D1B4BBAF40035E08D /* MyDiaryBookListTVC.xib in Resources */,
				072DCC4C1B43A1CE0091CBDE /* LaunchScreen.xib in Resources */,
				07FB9C371B4E145B000CCC45 /* CreateDiaryBookFVC.xib in Resources */,
				072F30B91B4A702E001A14E6 /* TopicListCell.xib in Resources */,
				07FB9C3C1B4E1471000CCC45 /* CreateDiaryFVC.xib in Resources */,
				072DCC491B43A1CE0091CBDE /* Images.xcassets in Resources */,
				072F30B41B468536001A14E6 /* TopicListVC.xib in Resources */,
				3CDC5A5CDDAF822A3EBC83F6 /* black@2x.png in Resources */,
				074607881B4BB5540035E08D /* MyIndexVC.xib in Resources */,
				07FB9C411B4E1486000CCC45 /* CreateTopicFVC.xib in Resources */,
				3CDC5A5432E4AA34229EA7BB /* blue@2x.png in Resources */,
				072F30AF1B46427B001A14E6 /* FirstVC.xib in Resources */,
				076767A91B4E601500F73D00 /* ProjectSelectVC.xib in Resources */,
				3CDC5BE729287BA50D2C1AD7 /* selectPhoto@2x.png in Resources */,
				3CDC52E17519FE6B507BE8AA /* Overlay.png in Resources */,
				3CDC533D2D65BCF84FA750E4 /* Overlay@2x.png in Resources */,
				3CDC5B1F9934E1D796FC253E /* ELCAssetPicker.xib in Resources */,
				07C91D321B54AAA50069470E /* DoctorSelectVC.xib in Resources */,
				3CDC58E9285E5C2D758383D1 /* ELCAssetTablePicker.xib in Resources */,
				07CFFDD81B53AC6400B2560E /* HospitalSelectVC.xib in Resources */,
				3CDC550AC3EDFFBAAE594AAB /* ELCAlbumPickerController.xib in Resources */,
				3CDC5DCBE4B73F95085734C1 /* 搜索@2x.png in Resources */,
				3CDC5A7CAC520E8C0CF19641 /* XLFormRatingCell.xib in Resources */,
				07C91D371B5612770069470E /* DiaryDetailWVC.xib in Resources */,
			);
			runOnlyForDeploymentPostprocessing = 0;
		};
		072DCC4F1B43A1CE0091CBDE /* Resources */ = {
			isa = PBXResourcesBuildPhase;
			buildActionMask = 2147483647;
			files = (
			);
			runOnlyForDeploymentPostprocessing = 0;
		};
/* End PBXResourcesBuildPhase section */

/* Begin PBXShellScriptBuildPhase section */
		8109906647BB1534E2A21655 /* Check Pods Manifest.lock */ = {
			isa = PBXShellScriptBuildPhase;
			buildActionMask = 2147483647;
			files = (
			);
			inputPaths = (
			);
			name = "Check Pods Manifest.lock";
			outputPaths = (
			);
			runOnlyForDeploymentPostprocessing = 0;
			shellPath = /bin/sh;
			shellScript = "diff \"${PODS_ROOT}/../Podfile.lock\" \"${PODS_ROOT}/Manifest.lock\" > /dev/null\nif [[ $? != 0 ]] ; then\n    cat << EOM\nerror: The sandbox is not in sync with the Podfile.lock. Run 'pod install' or update your CocoaPods installation.\nEOM\n    exit 1\nfi\n";
			showEnvVarsInLog = 0;
		};
		9DCC0C8EF11F81625D317B72 /* Copy Pods Resources */ = {
			isa = PBXShellScriptBuildPhase;
			buildActionMask = 2147483647;
			files = (
			);
			inputPaths = (
			);
			name = "Copy Pods Resources";
			outputPaths = (
			);
			runOnlyForDeploymentPostprocessing = 0;
			shellPath = /bin/sh;
			shellScript = "\"${SRCROOT}/Pods/Target Support Files/Pods-meiLiTianShi/Pods-meiLiTianShi-resources.sh\"\n";
			showEnvVarsInLog = 0;
		};
/* End PBXShellScriptBuildPhase section */

/* Begin PBXSourcesBuildPhase section */
		072DCC311B43A1CE0091CBDE /* Sources */ = {
			isa = PBXSourcesBuildPhase;
			buildActionMask = 2147483647;
			files = (
				072DCC441B43A1CE0091CBDE /* SecondViewController.m in Sources */,
				074607871B4BB5540035E08D /* MyIndexVC.m in Sources */,
				072DCC3E1B43A1CE0091CBDE /* AppDelegate.m in Sources */,
				072DCC411B43A1CE0091CBDE /* FirstViewController.m in Sources */,
				077C67351B52C6BB00619740 /* ImageRowCell.m in Sources */,
				072DCC3B1B43A1CE0091CBDE /* main.m in Sources */,
				3CDC5351736E0AC8D62F5833 /* MLRequestManager.m in Sources */,
				072F30B81B4A702E001A14E6 /* TopicListCell.m in Sources */,
				072F30AE1B46427B001A14E6 /* FirstVC.m in Sources */,
				07C91D361B5612770069470E /* DiaryDetailWVC.m in Sources */,
				072F30B31B468536001A14E6 /* TopicListVC.m in Sources */,
				076767A81B4E601500F73D00 /* ProjectSelectVC.m in Sources */,
				3CDC5BA55D30C7A9D6399196 /* MLSession.m in Sources */,
				07FB9C3B1B4E1471000CCC45 /* CreateDiaryFVC.m in Sources */,
				07C91D481B56497C0069470E /* DiaryDetailVC.m in Sources */,
				3CDC5DBAAD9EF21AC5234AE7 /* RespondModel.m in Sources */,
				0746078C1B4BBAF40035E08D /* MyDiaryBookListTVC.m in Sources */,
				07FB9C401B4E1486000CCC45 /* CreateTopicFVC.m in Sources */,
				07FB9C361B4E145B000CCC45 /* CreateDiaryBookFVC.m in Sources */,
				3CDC58803D0EDE529AC327E4 /* TopicModel.m in Sources */,
				3CDC5D0D05F887E2FB7B1398 /* PageIndicator.m in Sources */,
				3CDC558A3B3E8E5207B2DE6C /* MLRandom.m in Sources */,
				3CDC510F9DCC5DA5D9919E72 /* DiaryBookModel.m in Sources */,
				3CDC5244C6BB89534D89AB15 /* DiaryModel.m in Sources */,
				3CDC5EEFE2EFD58CD35EC6B9 /* CategoryModel.m in Sources */,
				3CDC50AA8E495BE766AB5C4A /* CategoriesArrayWrap.m in Sources */,
				3CDC53CED6F3C6CD978266D4 /* AFTableViewCell.m in Sources */,
				3CDC51E018A987664AEA4AAC /* ELCAsset.m in Sources */,
				07CFFDD71B53AC6400B2560E /* HospitalSelectVC.m in Sources */,
				3CDC5B3E7652B2E644165ABD /* ELCConsole.m in Sources */,
				3CDC5905A16A26BD5353DFD3 /* ELCAssetCell.m in Sources */,
				3CDC548F92694470DE7BCA4E /* ELCAssetTablePicker.m in Sources */,
				3CDC58648BFC255C4F9030EF /* ELCOverlayImageView.m in Sources */,
				3CDC5359F757287D7F6B3AD7 /* ELCAlbumPickerController.m in Sources */,
				3CDC5A1DBE7BDF9E283E9716 /* ELCImagePickerController.m in Sources */,
				3CDC53EED13C3D9EF6B72632 /* DoctorModel.m in Sources */,
				3CDC52AB252856C7EBF31FAF /* HospitalModel.m in Sources */,
				07C91D311B54AAA50069470E /* DoctorSelectVC.m in Sources */,
				3CDC5913A3F7535FD2DF3E91 /* NSArray+toJsonString.m in Sources */,
				3CDC5FD01D56F1C1EAEDE681 /* UploadTokenModel.m in Sources */,
				3CDC5DE51352BF9C4B81C12C /* XLRatingView.m in Sources */,
				3CDC571B97992D204B2458B5 /* XLFormRatingCell.m in Sources */,
				3CDC5CB35C89A248328BF64C /* MLJsonModel.m in Sources */,
				3CDC503458B508F3F1A206A6 /* SLKTextView.m in Sources */,
				3CDC5799765EDBCD29A94788 /* SLKTextInputbar.m in Sources */,
				3CDC5E81EA016B78E6623E89 /* SLKInputAccessoryView.m in Sources */,
				3CDC5D6E3479C55CDFB955D0 /* SLKTextViewController.m in Sources */,
				3CDC5DD9E3216F755CE44989 /* SLKTypingIndicatorView.m in Sources */,
				3CDC502645DD3E76B08331AD /* UIView+SLKAdditions.m in Sources */,
				3CDC5DFB489609637AE3625F /* SLKTextView+SLKAdditions.m in Sources */,
				3CDC52E26D2ADD492E3AFDBE /* UIResponder+SLKAdditions.m in Sources */,
				3CDC5F96E8A8CA83AAAAFA96 /* UIScrollView+SLKAdditions.m in Sources */,
			);
			runOnlyForDeploymentPostprocessing = 0;
		};
		072DCC4D1B43A1CE0091CBDE /* Sources */ = {
			isa = PBXSourcesBuildPhase;
			buildActionMask = 2147483647;
			files = (
				072DCC581B43A1CE0091CBDE /* meiLiTianShiTests.m in Sources */,
			);
			runOnlyForDeploymentPostprocessing = 0;
		};
/* End PBXSourcesBuildPhase section */

/* Begin PBXTargetDependency section */
		072DCC531B43A1CE0091CBDE /* PBXTargetDependency */ = {
			isa = PBXTargetDependency;
			target = 072DCC341B43A1CE0091CBDE /* meiLiTianShi */;
			targetProxy = 072DCC521B43A1CE0091CBDE /* PBXContainerItemProxy */;
		};
/* End PBXTargetDependency section */

/* Begin PBXVariantGroup section */
		072DCC4A1B43A1CE0091CBDE /* LaunchScreen.xib */ = {
			isa = PBXVariantGroup;
			children = (
				072DCC4B1B43A1CE0091CBDE /* Base */,
			);
			name = LaunchScreen.xib;
			sourceTree = "<group>";
		};
/* End PBXVariantGroup section */

/* Begin XCBuildConfiguration section */
		072DCC591B43A1CE0091CBDE /* Debug */ = {
			isa = XCBuildConfiguration;
			buildSettings = {
				ALWAYS_SEARCH_USER_PATHS = NO;
				CLANG_CXX_LANGUAGE_STANDARD = "gnu++0x";
				CLANG_CXX_LIBRARY = "libc++";
				CLANG_ENABLE_MODULES = YES;
				CLANG_ENABLE_OBJC_ARC = YES;
				CLANG_WARN_BOOL_CONVERSION = YES;
				CLANG_WARN_CONSTANT_CONVERSION = YES;
				CLANG_WARN_DIRECT_OBJC_ISA_USAGE = YES_ERROR;
				CLANG_WARN_EMPTY_BODY = YES;
				CLANG_WARN_ENUM_CONVERSION = YES;
				CLANG_WARN_INT_CONVERSION = YES;
				CLANG_WARN_OBJC_ROOT_CLASS = YES_ERROR;
				CLANG_WARN_UNREACHABLE_CODE = YES;
				CLANG_WARN__DUPLICATE_METHOD_MATCH = YES;
				"CODE_SIGN_IDENTITY[sdk=iphoneos*]" = "iPhone Developer";
				COPY_PHASE_STRIP = NO;
				DEBUG_INFORMATION_FORMAT = "dwarf-with-dsym";
				ENABLE_STRICT_OBJC_MSGSEND = YES;
				GCC_C_LANGUAGE_STANDARD = gnu99;
				GCC_DYNAMIC_NO_PIC = NO;
				GCC_NO_COMMON_BLOCKS = YES;
				GCC_OPTIMIZATION_LEVEL = 0;
				GCC_PREPROCESSOR_DEFINITIONS = (
					"DEBUG=1",
					"$(inherited)",
				);
				GCC_SYMBOLS_PRIVATE_EXTERN = NO;
				GCC_WARN_64_TO_32_BIT_CONVERSION = YES;
				GCC_WARN_ABOUT_RETURN_TYPE = YES_ERROR;
				GCC_WARN_UNDECLARED_SELECTOR = YES;
				GCC_WARN_UNINITIALIZED_AUTOS = YES_AGGRESSIVE;
				GCC_WARN_UNUSED_FUNCTION = YES;
				GCC_WARN_UNUSED_VARIABLE = YES;
				IPHONEOS_DEPLOYMENT_TARGET = 7.0;
				MTL_ENABLE_DEBUG_INFO = YES;
				ONLY_ACTIVE_ARCH = YES;
				SDKROOT = iphoneos;
			};
			name = Debug;
		};
		072DCC5A1B43A1CE0091CBDE /* Release */ = {
			isa = XCBuildConfiguration;
			buildSettings = {
				ALWAYS_SEARCH_USER_PATHS = NO;
				CLANG_CXX_LANGUAGE_STANDARD = "gnu++0x";
				CLANG_CXX_LIBRARY = "libc++";
				CLANG_ENABLE_MODULES = YES;
				CLANG_ENABLE_OBJC_ARC = YES;
				CLANG_WARN_BOOL_CONVERSION = YES;
				CLANG_WARN_CONSTANT_CONVERSION = YES;
				CLANG_WARN_DIRECT_OBJC_ISA_USAGE = YES_ERROR;
				CLANG_WARN_EMPTY_BODY = YES;
				CLANG_WARN_ENUM_CONVERSION = YES;
				CLANG_WARN_INT_CONVERSION = YES;
				CLANG_WARN_OBJC_ROOT_CLASS = YES_ERROR;
				CLANG_WARN_UNREACHABLE_CODE = YES;
				CLANG_WARN__DUPLICATE_METHOD_MATCH = YES;
				"CODE_SIGN_IDENTITY[sdk=iphoneos*]" = "iPhone Developer";
				COPY_PHASE_STRIP = NO;
				DEBUG_INFORMATION_FORMAT = "dwarf-with-dsym";
				ENABLE_NS_ASSERTIONS = NO;
				ENABLE_STRICT_OBJC_MSGSEND = YES;
				GCC_C_LANGUAGE_STANDARD = gnu99;
				GCC_NO_COMMON_BLOCKS = YES;
				GCC_WARN_64_TO_32_BIT_CONVERSION = YES;
				GCC_WARN_ABOUT_RETURN_TYPE = YES_ERROR;
				GCC_WARN_UNDECLARED_SELECTOR = YES;
				GCC_WARN_UNINITIALIZED_AUTOS = YES_AGGRESSIVE;
				GCC_WARN_UNUSED_FUNCTION = YES;
				GCC_WARN_UNUSED_VARIABLE = YES;
				IPHONEOS_DEPLOYMENT_TARGET = 7.0;
				MTL_ENABLE_DEBUG_INFO = NO;
				SDKROOT = iphoneos;
				VALIDATE_PRODUCT = YES;
			};
			name = Release;
		};
		072DCC5C1B43A1CE0091CBDE /* Debug */ = {
			isa = XCBuildConfiguration;
			baseConfigurationReference = 04824D0C260B948B14E70861 /* Pods-meiLiTianShi.debug.xcconfig */;
			buildSettings = {
				ASSETCATALOG_COMPILER_APPICON_NAME = AppIcon;
				INFOPLIST_FILE = meiLiTianShi/Info.plist;
				IPHONEOS_DEPLOYMENT_TARGET = 7.0;
				LD_RUNPATH_SEARCH_PATHS = "$(inherited) @executable_path/Frameworks";
				PRODUCT_NAME = "$(TARGET_NAME)";
				USER_HEADER_SEARCH_PATHS = "\"${PROJECT_DIR}/Pods\"/**";
			};
			name = Debug;
		};
		072DCC5D1B43A1CE0091CBDE /* Release */ = {
			isa = XCBuildConfiguration;
			baseConfigurationReference = B6119EACC3758C4C93EEB3EE /* Pods-meiLiTianShi.release.xcconfig */;
			buildSettings = {
				ASSETCATALOG_COMPILER_APPICON_NAME = AppIcon;
				INFOPLIST_FILE = meiLiTianShi/Info.plist;
				IPHONEOS_DEPLOYMENT_TARGET = 7.0;
				LD_RUNPATH_SEARCH_PATHS = "$(inherited) @executable_path/Frameworks";
				PRODUCT_NAME = "$(TARGET_NAME)";
				USER_HEADER_SEARCH_PATHS = "\"${PROJECT_DIR}/Pods\"/**";
			};
			name = Release;
		};
		072DCC5F1B43A1CE0091CBDE /* Debug */ = {
			isa = XCBuildConfiguration;
			buildSettings = {
				BUNDLE_LOADER = "$(TEST_HOST)";
				FRAMEWORK_SEARCH_PATHS = (
					"$(SDKROOT)/Developer/Library/Frameworks",
					"$(inherited)",
				);
				GCC_PREPROCESSOR_DEFINITIONS = (
					"DEBUG=1",
					"$(inherited)",
				);
				INFOPLIST_FILE = meiLiTianShiTests/Info.plist;
				LD_RUNPATH_SEARCH_PATHS = "$(inherited) @executable_path/Frameworks @loader_path/Frameworks";
				PRODUCT_NAME = "$(TARGET_NAME)";
				TEST_HOST = "$(BUILT_PRODUCTS_DIR)/meiLiTianShi.app/meiLiTianShi";
			};
			name = Debug;
		};
		072DCC601B43A1CE0091CBDE /* Release */ = {
			isa = XCBuildConfiguration;
			buildSettings = {
				BUNDLE_LOADER = "$(TEST_HOST)";
				FRAMEWORK_SEARCH_PATHS = (
					"$(SDKROOT)/Developer/Library/Frameworks",
					"$(inherited)",
				);
				INFOPLIST_FILE = meiLiTianShiTests/Info.plist;
				LD_RUNPATH_SEARCH_PATHS = "$(inherited) @executable_path/Frameworks @loader_path/Frameworks";
				PRODUCT_NAME = "$(TARGET_NAME)";
				TEST_HOST = "$(BUILT_PRODUCTS_DIR)/meiLiTianShi.app/meiLiTianShi";
			};
			name = Release;
		};
/* End XCBuildConfiguration section */

/* Begin XCConfigurationList section */
		072DCC301B43A1CE0091CBDE /* Build configuration list for PBXProject "meiLiTianShi" */ = {
			isa = XCConfigurationList;
			buildConfigurations = (
				072DCC591B43A1CE0091CBDE /* Debug */,
				072DCC5A1B43A1CE0091CBDE /* Release */,
			);
			defaultConfigurationIsVisible = 0;
			defaultConfigurationName = Release;
		};
		072DCC5B1B43A1CE0091CBDE /* Build configuration list for PBXNativeTarget "meiLiTianShi" */ = {
			isa = XCConfigurationList;
			buildConfigurations = (
				072DCC5C1B43A1CE0091CBDE /* Debug */,
				072DCC5D1B43A1CE0091CBDE /* Release */,
			);
			defaultConfigurationIsVisible = 0;
			defaultConfigurationName = Release;
		};
		072DCC5E1B43A1CE0091CBDE /* Build configuration list for PBXNativeTarget "meiLiTianShiTests" */ = {
			isa = XCConfigurationList;
			buildConfigurations = (
				072DCC5F1B43A1CE0091CBDE /* Debug */,
				072DCC601B43A1CE0091CBDE /* Release */,
			);
			defaultConfigurationIsVisible = 0;
			defaultConfigurationName = Release;
		};
/* End XCConfigurationList section */
	};
	rootObject = 072DCC2D1B43A1CE0091CBDE /* Project object */;
}
